// !$*UTF8*$!
{
	archiveVersion = 1;
	classes = {
	};
	objectVersion = 50;
	objects = {

/* Begin PBXBuildFile section */
		19FAE9F50E6AC279EC6DE86E /* Pods_JHChartRingChart.framework in Frameworks */ = {isa = PBXBuildFile; fileRef = 596EAEC25F813532211893D9 /* Pods_JHChartRingChart.framework */; };
		EC83C0592374784E000161DD /* AppDelegate.swift in Sources */ = {isa = PBXBuildFile; fileRef = EC83C0582374784E000161DD /* AppDelegate.swift */; };
		EC83C05B2374784E000161DD /* ViewController.swift in Sources */ = {isa = PBXBuildFile; fileRef = EC83C05A2374784E000161DD /* ViewController.swift */; };
		EC83C05E2374784E000161DD /* Main.storyboard in Resources */ = {isa = PBXBuildFile; fileRef = EC83C05C2374784E000161DD /* Main.storyboard */; };
		EC83C06023747855000161DD /* Assets.xcassets in Resources */ = {isa = PBXBuildFile; fileRef = EC83C05F23747855000161DD /* Assets.xcassets */; };
		EC83C06323747855000161DD /* LaunchScreen.storyboard in Resources */ = {isa = PBXBuildFile; fileRef = EC83C06123747855000161DD /* LaunchScreen.storyboard */; };
/* End PBXBuildFile section */

/* Begin PBXFileReference section */
		53C746F87DF2B912A58DE959 /* Pods-JHChartRingChart.release.xcconfig */ = {isa = PBXFileReference; includeInIndex = 1; lastKnownFileType = text.xcconfig; name = "Pods-JHChartRingChart.release.xcconfig"; path = "Target Support Files/Pods-JHChartRingChart/Pods-JHChartRingChart.release.xcconfig"; sourceTree = "<group>"; };
		596EAEC25F813532211893D9 /* Pods_JHChartRingChart.framework */ = {isa = PBXFileReference; explicitFileType = wrapper.framework; includeInIndex = 0; path = Pods_JHChartRingChart.framework; sourceTree = BUILT_PRODUCTS_DIR; };
		9F6E89033867EBF4BB377A9D /* Pods-JHChartRingChart.debug.xcconfig */ = {isa = PBXFileReference; includeInIndex = 1; lastKnownFileType = text.xcconfig; name = "Pods-JHChartRingChart.debug.xcconfig"; path = "Target Support Files/Pods-JHChartRingChart/Pods-JHChartRingChart.debug.xcconfig"; sourceTree = "<group>"; };
		EC83C0552374784E000161DD /* JHChartRingChart.app */ = {isa = PBXFileReference; explicitFileType = wrapper.application; includeInIndex = 0; path = JHChartRingChart.app; sourceTree = BUILT_PRODUCTS_DIR; };
		EC83C0582374784E000161DD /* AppDelegate.swift */ = {isa = PBXFileReference; lastKnownFileType = sourcecode.swift; path = AppDelegate.swift; sourceTree = "<group>"; };
		EC83C05A2374784E000161DD /* ViewController.swift */ = {isa = PBXFileReference; lastKnownFileType = sourcecode.swift; path = ViewController.swift; sourceTree = "<group>"; };
		EC83C05D2374784E000161DD /* Base */ = {isa = PBXFileReference; lastKnownFileType = file.storyboard; name = Base; path = Base.lproj/Main.storyboard; sourceTree = "<group>"; };
		EC83C05F23747855000161DD /* Assets.xcassets */ = {isa = PBXFileReference; lastKnownFileType = folder.assetcatalog; path = Assets.xcassets; sourceTree = "<group>"; };
		EC83C06223747855000161DD /* Base */ = {isa = PBXFileReference; lastKnownFileType = file.storyboard; name = Base; path = Base.lproj/LaunchScreen.storyboard; sourceTree = "<group>"; };
		EC83C06423747855000161DD /* Info.plist */ = {isa = PBXFileReference; lastKnownFileType = text.plist.xml; path = Info.plist; sourceTree = "<group>"; };
/* End PBXFileReference section */

/* Begin PBXFrameworksBuildPhase section */
		EC83C0522374784E000161DD /* Frameworks */ = {
			isa = PBXFrameworksBuildPhase;
			buildActionMask = 2147483647;
			files = (
				19FAE9F50E6AC279EC6DE86E /* Pods_JHChartRingChart.framework in Frameworks */,
			);
			runOnlyForDeploymentPostprocessing = 0;
		};
/* End PBXFrameworksBuildPhase section */

/* Begin PBXGroup section */
		9B4DEE371BAA8C428E20A76B /* Pods */ = {
			isa = PBXGroup;
			children = (
				9F6E89033867EBF4BB377A9D /* Pods-JHChartRingChart.debug.xcconfig */,
				53C746F87DF2B912A58DE959 /* Pods-JHChartRingChart.release.xcconfig */,
			);
			name = Pods;
			path = Pods;
			sourceTree = "<group>";
		};
		AF7AFBD0772E035B3B1B319B /* Frameworks */ = {
			isa = PBXGroup;
			children = (
				596EAEC25F813532211893D9 /* Pods_JHChartRingChart.framework */,
			);
			name = Frameworks;
			sourceTree = "<group>";
		};
		EC83C04C2374784E000161DD = {
			isa = PBXGroup;
			children = (
				EC83C0572374784E000161DD /* JHChartRingChart */,
				EC83C0562374784E000161DD /* Products */,
				9B4DEE371BAA8C428E20A76B /* Pods */,
				AF7AFBD0772E035B3B1B319B /* Frameworks */,
			);
			sourceTree = "<group>";
		};
		EC83C0562374784E000161DD /* Products */ = {
			isa = PBXGroup;
			children = (
				EC83C0552374784E000161DD /* JHChartRingChart.app */,
			);
			name = Products;
			sourceTree = "<group>";
		};
		EC83C0572374784E000161DD /* JHChartRingChart */ = {
			isa = PBXGroup;
			children = (
				EC83C0582374784E000161DD /* AppDelegate.swift */,
				EC83C05A2374784E000161DD /* ViewController.swift */,
				EC83C05C2374784E000161DD /* Main.storyboard */,
				EC83C05F23747855000161DD /* Assets.xcassets */,
				EC83C06123747855000161DD /* LaunchScreen.storyboard */,
				EC83C06423747855000161DD /* Info.plist */,
			);
			path = JHChartRingChart;
			sourceTree = "<group>";
		};
/* End PBXGroup section */

/* Begin PBXNativeTarget section */
		EC83C0542374784E000161DD /* JHChartRingChart */ = {
			isa = PBXNativeTarget;
			buildConfigurationList = EC83C06723747855000161DD /* Build configuration list for PBXNativeTarget "JHChartRingChart" */;
			buildPhases = (
				21322BE85BF657B324F65A7C /* [CP] Check Pods Manifest.lock */,
				EC83C0512374784E000161DD /* Sources */,
				EC83C0522374784E000161DD /* Frameworks */,
				EC83C0532374784E000161DD /* Resources */,
				CEED87F0B5CDBD7A23638C4E /* [CP] Embed Pods Frameworks */,
			);
			buildRules = (
			);
			dependencies = (
			);
			name = JHChartRingChart;
			productName = JHChartRingChart;
			productReference = EC83C0552374784E000161DD /* JHChartRingChart.app */;
			productType = "com.apple.product-type.application";
		};
/* End PBXNativeTarget section */

/* Begin PBXProject section */
		EC83C04D2374784E000161DD /* Project object */ = {
			isa = PBXProject;
			attributes = {
				LastSwiftUpdateCheck = 1020;
				LastUpgradeCheck = 1020;
				ORGANIZATIONNAME = iHubTechnologiesPvtLtd;
				TargetAttributes = {
					EC83C0542374784E000161DD = {
						CreatedOnToolsVersion = 10.2;
					};
				};
			};
			buildConfigurationList = EC83C0502374784E000161DD /* Build configuration list for PBXProject "JHChartRingChart" */;
			compatibilityVersion = "Xcode 9.3";
			developmentRegion = en;
			hasScannedForEncodings = 0;
			knownRegions = (
				en,
				Base,
			);
			mainGroup = EC83C04C2374784E000161DD;
			productRefGroup = EC83C0562374784E000161DD /* Products */;
			projectDirPath = "";
			projectRoot = "";
			targets = (
				EC83C0542374784E000161DD /* JHChartRingChart */,
			);
		};
/* End PBXProject section */

/* Begin PBXResourcesBuildPhase section */
		EC83C0532374784E000161DD /* Resources */ = {
			isa = PBXResourcesBuildPhase;
			buildActionMask = 2147483647;
			files = (
				EC83C06323747855000161DD /* LaunchScreen.storyboard in Resources */,
				EC83C06023747855000161DD /* Assets.xcassets in Resources */,
				EC83C05E2374784E000161DD /* Main.storyboard in Resources */,
			);
			runOnlyForDeploymentPostprocessing = 0;
		};
/* End PBXResourcesBuildPhase section */

/* Begin PBXShellScriptBuildPhase section */
		21322BE85BF657B324F65A7C /* [CP] Check Pods Manifest.lock */ = {
			isa = PBXShellScriptBuildPhase;
			buildActionMask = 2147483647;
			files = (
			);
			inputFileListPaths = (
			);
			inputPaths = (
				"${PODS_PODFILE_DIR_PATH}/Podfile.lock",
				"${PODS_ROOT}/Manifest.lock",
			);
			name = "[CP] Check Pods Manifest.lock";
			outputFileListPaths = (
			);
			outputPaths = (
				"$(DERIVED_FILE_DIR)/Pods-JHChartRingChart-checkManifestLockResult.txt",
			);
			runOnlyForDeploymentPostprocessing = 0;
			shellPath = /bin/sh;
			shellScript = "diff \"${PODS_PODFILE_DIR_PATH}/Podfile.lock\" \"${PODS_ROOT}/Manifest.lock\" > /dev/null\nif [ $? != 0 ] ; then\n    # print error to STDERR\n    echo \"error: The sandbox is not in sync with the Podfile.lock. Run 'pod install' or update your CocoaPods installation.\" >&2\n    exit 1\nfi\n# This output is used by Xcode 'outputs' to avoid re-running this script phase.\necho \"SUCCESS\" > \"${SCRIPT_OUTPUT_FILE_0}\"\n";
			showEnvVarsInLog = 0;
		};
		CEED87F0B5CDBD7A23638C4E /* [CP] Embed Pods Frameworks */ = {
			isa = PBXShellScriptBuildPhase;
			buildActionMask = 2147483647;
			files = (
			);
			inputFileListPaths = (
				"${PODS_ROOT}/Target Support Files/Pods-JHChartRingChart/Pods-JHChartRingChart-frameworks-${CONFIGURATION}-input-files.xcfilelist",
			);
			name = "[CP] Embed Pods Frameworks";
			outputFileListPaths = (
				"${PODS_ROOT}/Target Support Files/Pods-JHChartRingChart/Pods-JHChartRingChart-frameworks-${CONFIGURATION}-output-files.xcfilelist",
			);
			runOnlyForDeploymentPostprocessing = 0;
			shellPath = /bin/sh;
			shellScript = "\"${PODS_ROOT}/Target Support Files/Pods-JHChartRingChart/Pods-JHChartRingChart-frameworks.sh\"\n";
			showEnvVarsInLog = 0;
		};
/* End PBXShellScriptBuildPhase section */

/* Begin PBXSourcesBuildPhase section */
		EC83C0512374784E000161DD /* Sources */ = {
			isa = PBXSourcesBuildPhase;
			buildActionMask = 2147483647;
			files = (
				EC83C05B2374784E000161DD /* ViewController.swift in Sources */,
				EC83C0592374784E000161DD /* AppDelegate.swift in Sources */,
			);
			runOnlyForDeploymentPostprocessing = 0;
		};
/* End PBXSourcesBuildPhase section */

/* Begin PBXVariantGroup section */
		EC83C05C2374784E000161DD /* Main.storyboard */ = {
			isa = PBXVariantGroup;
			children = (
				EC83C05D2374784E000161DD /* Base */,
			);
			name = Main.storyboard;
			sourceTree = "<group>";
		};
		EC83C06123747855000161DD /* LaunchScreen.storyboard */ = {
			isa = PBXVariantGroup;
			children = (
				EC83C06223747855000161DD /* Base */,
			);
			name = LaunchScreen.storyboard;
			sourceTree = "<group>";
		};
/* End PBXVariantGroup section */

/* Begin XCBuildConfiguration section */
		EC83C06523747855000161DD /* Debug */ = {
			isa = XCBuildConfiguration;
			buildSettings = {
				ALWAYS_SEARCH_USER_PATHS = NO;
				CLANG_ANALYZER_NONNULL = YES;
				CLANG_ANALYZER_NUMBER_OBJECT_CONVERSION = YES_AGGRESSIVE;
				CLANG_CXX_LANGUAGE_STANDARD = "gnu++14";
				CLANG_CXX_LIBRARY = "libc++";
				CLANG_ENABLE_MODULES = YES;
				CLANG_ENABLE_OBJC_ARC = YES;
				CLANG_ENABLE_OBJC_WEAK = YES;
				CLANG_WARN_BLOCK_CAPTURE_AUTORELEASING = YES;
				CLANG_WARN_BOOL_CONVERSION = YES;
				CLANG_WARN_COMMA = YES;
				CLANG_WARN_CONSTANT_CONVERSION = YES;
				CLANG_WARN_DEPRECATED_OBJC_IMPLEMENTATIONS = YES;
				CLANG_WARN_DIRECT_OBJC_ISA_USAGE = YES_ERROR;
				CLANG_WARN_DOCUMENTATION_COMMENTS = YES;
				CLANG_WARN_EMPTY_BODY = YES;
				CLANG_WARN_ENUM_CONVERSION = YES;
				CLANG_WARN_INFINITE_RECURSION = YES;
				CLANG_WARN_INT_CONVERSION = YES;
				CLANG_WARN_NON_LITERAL_NULL_CONVERSION = YES;
				CLANG_WARN_OBJC_IMPLICIT_RETAIN_SELF = YES;
				CLANG_WARN_OBJC_LITERAL_CONVERSION = YES;
				CLANG_WARN_OBJC_ROOT_CLASS = YES_ERROR;
				CLANG_WARN_RANGE_LOOP_ANALYSIS = YES;
				CLANG_WARN_STRICT_PROTOTYPES = YES;
				CLANG_WARN_SUSPICIOUS_MOVE = YES;
				CLANG_WARN_UNGUARDED_AVAILABILITY = YES_AGGRESSIVE;
				CLANG_WARN_UNREACHABLE_CODE = YES;
				CLANG_WARN__DUPLICATE_METHOD_MATCH = YES;
				CODE_SIGN_IDENTITY = "iPhone Developer";
				COPY_PHASE_STRIP = NO;
				DEBUG_INFORMATION_FORMAT = dwarf;
				ENABLE_STRICT_OBJC_MSGSEND = YES;
				ENABLE_TESTABILITY = YES;
				GCC_C_LANGUAGE_STANDARD = gnu11;
				GCC_DYNAMIC_NO_PIC = NO;
				GCC_NO_COMMON_BLOCKS = YES;
				GCC_OPTIMIZATION_LEVEL = 0;
				GCC_PREPROCESSOR_DEFINITIONS = (
					"DEBUG=1",
					"$(inherited)",
				);
				GCC_WARN_64_TO_32_BIT_CONVERSION = YES;
				GCC_WARN_ABOUT_RETURN_TYPE = YES_ERROR;
				GCC_WARN_UNDECLARED_SELECTOR = YES;
				GCC_WARN_UNINITIALIZED_AUTOS = YES_AGGRESSIVE;
				GCC_WARN_UNUSED_FUNCTION = YES;
				GCC_WARN_UNUSED_VARIABLE = YES;
				IPHONEOS_DEPLOYMENT_TARGET = 12.2;
				MTL_ENABLE_DEBUG_INFO = INCLUDE_SOURCE;
				MTL_FAST_MATH = YES;
				ONLY_ACTIVE_ARCH = YES;
				SDKROOT = iphoneos;
				SWIFT_ACTIVE_COMPILATION_CONDITIONS = DEBUG;
				SWIFT_OPTIMIZATION_LEVEL = "-Onone";
			};
			name = Debug;
		};
		EC83C06623747855000161DD /* Release */ = {
			isa = XCBuildConfiguration;
			buildSettings = {
				ALWAYS_SEARCH_USER_PATHS = NO;
				CLANG_ANALYZER_NONNULL = YES;
				CLANG_ANALYZER_NUMBER_OBJECT_CONVERSION = YES_AGGRESSIVE;
				CLANG_CXX_LANGUAGE_STANDARD = "gnu++14";
				CLANG_CXX_LIBRARY = "libc++";
				CLANG_ENABLE_MODULES = YES;
				CLANG_ENABLE_OBJC_ARC = YES;
				CLANG_ENABLE_OBJC_WEAK = YES;
				CLANG_WARN_BLOCK_CAPTURE_AUTORELEASING = YES;
				CLANG_WARN_BOOL_CONVERSION = YES;
				CLANG_WARN_COMMA = YES;
				CLANG_WARN_CONSTANT_CONVERSION = YES;
				CLANG_WARN_DEPRECATED_OBJC_IMPLEMENTATIONS = YES;
				CLANG_WARN_DIRECT_OBJC_ISA_USAGE = YES_ERROR;
				CLANG_WARN_DOCUMENTATION_COMMENTS = YES;
				CLANG_WARN_EMPTY_BODY = YES;
				CLANG_WARN_ENUM_CONVERSION = YES;
				CLANG_WARN_INFINITE_RECURSION = YES;
				CLANG_WARN_INT_CONVERSION = YES;
				CLANG_WARN_NON_LITERAL_NULL_CONVERSION = YES;
				CLANG_WARN_OBJC_IMPLICIT_RETAIN_SELF = YES;
				CLANG_WARN_OBJC_LITERAL_CONVERSION = YES;
				CLANG_WARN_OBJC_ROOT_CLASS = YES_ERROR;
				CLANG_WARN_RANGE_LOOP_ANALYSIS = YES;
				CLANG_WARN_STRICT_PROTOTYPES = YES;
				CLANG_WARN_SUSPICIOUS_MOVE = YES;
				CLANG_WARN_UNGUARDED_AVAILABILITY = YES_AGGRESSIVE;
				CLANG_WARN_UNREACHABLE_CODE = YES;
				CLANG_WARN__DUPLICATE_METHOD_MATCH = YES;
				CODE_SIGN_IDENTITY = "iPhone Developer";
				COPY_PHASE_STRIP = NO;
				DEBUG_INFORMATION_FORMAT = "dwarf-with-dsym";
				ENABLE_NS_ASSERTIONS = NO;
				ENABLE_STRICT_OBJC_MSGSEND = YES;
				GCC_C_LANGUAGE_STANDARD = gnu11;
				GCC_NO_COMMON_BLOCKS = YES;
				GCC_WARN_64_TO_32_BIT_CONVERSION = YES;
				GCC_WARN_ABOUT_RETURN_TYPE = YES_ERROR;
				GCC_WARN_UNDECLARED_SELECTOR = YES;
				GCC_WARN_UNINITIALIZED_AUTOS = YES_AGGRESSIVE;
				GCC_WARN_UNUSED_FUNCTION = YES;
				GCC_WARN_UNUSED_VARIABLE = YES;
				IPHONEOS_DEPLOYMENT_TARGET = 12.2;
				MTL_ENABLE_DEBUG_INFO = NO;
				MTL_FAST_MATH = YES;
				SDKROOT = iphoneos;
				SWIFT_COMPILATION_MODE = wholemodule;
				SWIFT_OPTIMIZATION_LEVEL = "-O";
				VALIDATE_PRODUCT = YES;
			};
			name = Release;
		};
		EC83C06823747855000161DD /* Debug */ = {
			isa = XCBuildConfiguration;
			baseConfigurationReference = 9F6E89033867EBF4BB377A9D /* Pods-JHChartRingChart.debug.xcconfig */;
			buildSettings = {
				ASSETCATALOG_COMPILER_APPICON_NAME = AppIcon;
				CODE_SIGN_STYLE = Automatic;
				DEVELOPMENT_TEAM = "";
				INFOPLIST_FILE = JHChartRingChart/Info.plist;
				LD_RUNPATH_SEARCH_PATHS = (
					"$(inherited)",
					"@executable_path/Frameworks",
				);
				PRODUCT_BUNDLE_IDENTIFIER = iHubTechnologiesPvtLtd.JHChartRingChart;
				PRODUCT_NAME = "$(TARGET_NAME)";
				SWIFT_VERSION = 5.0;
				TARGETED_DEVICE_FAMILY = "1,2";
			};
			name = Debug;
		};
		EC83C06923747855000161DD /* Release */ = {
			isa = XCBuildConfiguration;
			baseConfigurationReference = 53C746F87DF2B912A58DE959 /* Pods-JHChartRingChart.release.xcconfig */;
			buildSettings = {
				ASSETCATALOG_COMPILER_APPICON_NAME = AppIcon;
				CODE_SIGN_STYLE = Automatic;
				DEVELOPMENT_TEAM = "";
				INFOPLIST_FILE = JHChartRingChart/Info.plist;
				LD_RUNPATH_SEARCH_PATHS = (
					"$(inherited)",
					"@executable_path/Frameworks",
				);
				PRODUCT_BUNDLE_IDENTIFIER = iHubTechnologiesPvtLtd.JHChartRingChart;
				PRODUCT_NAME = "$(TARGET_NAME)";
				SWIFT_VERSION = 5.0;
				TARGETED_DEVICE_FAMILY = "1,2";
			};
			name = Release;
		};
/* End XCBuildConfiguration section */

/* Begin XCConfigurationList section */
		EC83C0502374784E000161DD /* Build configuration list for PBXProject "JHChartRingChart" */ = {
			isa = XCConfigurationList;
			buildConfigurations = (
				EC83C06523747855000161DD /* Debug */,
				EC83C06623747855000161DD /* Release */,
			);
			defaultConfigurationIsVisible = 0;
			defaultConfigurationName = Release;
		};
		EC83C06723747855000161DD /* Build configuration list for PBXNativeTarget "JHChartRingChart" */ = {
			isa = XCConfigurationList;
			buildConfigurations = (
				EC83C06823747855000161DD /* Debug */,
				EC83C06923747855000161DD /* Release */,
			);
			defaultConfigurationIsVisible = 0;
			defaultConfigurationName = Release;
		};
/* End XCConfigurationList section */
	};
	rootObject = EC83C04D2374784E000161DD /* Project object */;
}
